
Microsoft Visual Studio Solution File, Format Version 12.00
# Visual Studio Version 16
VisualStudioVersion = 16.0.29215.179
MinimumVisualStudioVersion = 10.0.40219.1
Project("{FAE04EC0-301F-11D3-BF4B-00C04F79EFBC}") = "CarantecAdminPanel", "CarantecAdminPanel\CarantecAdminPanel.csproj", "{30B16780-FEB4-4EC6-9401-6777F0DCC670}"
EndProject
Project("{2150E333-8FDC-42A3-9474-1A3956D46DE8}") = "Solution Items", "Solution Items", "{DAF844D4-4BBE-4CFC-9FED-25B24C554424}"
	ProjectSection(SolutionItems) = preProject
		.editorconfig = .editorconfig
	EndProjectSection
EndProject
Global
	GlobalSection(SolutionConfigurationPlatforms) = preSolution
		CarancecAdmin|Any CPU = CarancecAdmin|Any CPU
		CarancecAdmin|x64 = CarancecAdmin|x64
		Debug|Any CPU = Debug|Any CPU
		Debug|x64 = Debug|x64
		Release|Any CPU = Release|Any CPU
		Release|x64 = Release|x64
	EndGlobalSection
	GlobalSection(ProjectConfigurationPlatforms) = postSolution
		{30B16780-FEB4-4EC6-9401-6777F0DCC670}.CarancecAdmin|Any CPU.ActiveCfg = CarantecAdmin|Any CPU
		{30B16780-FEB4-4EC6-9401-6777F0DCC670}.CarancecAdmin|Any CPU.Build.0 = CarantecAdmin|Any CPU
		{30B16780-FEB4-4EC6-9401-6777F0DCC670}.CarancecAdmin|x64.ActiveCfg = CarantecAdmin|x64
		{30B16780-FEB4-4EC6-9401-6777F0DCC670}.CarancecAdmin|x64.Build.0 = CarantecAdmin|x64
		{30B16780-FEB4-4EC6-9401-6777F0DCC670}.Debug|Any CPU.ActiveCfg = Debug|Any CPU
		{30B16780-FEB4-4EC6-9401-6777F0DCC670}.Debug|Any CPU.Build.0 = Debug|Any CPU
		{30B16780-FEB4-4EC6-9401-6777F0DCC670}.Debug|x64.ActiveCfg = Debug|x64
		{30B16780-FEB4-4EC6-9401-6777F0DCC670}.Debug|x64.Build.0 = Debug|x64
		{30B16780-FEB4-4EC6-9401-6777F0DCC670}.Release|Any CPU.ActiveCfg = Release|Any CPU
		{30B16780-FEB4-4EC6-9401-6777F0DCC670}.Release|Any CPU.Build.0 = Release|Any CPU
		{30B16780-FEB4-4EC6-9401-6777F0DCC670}.Release|x64.ActiveCfg = Release|x64
		{30B16780-FEB4-4EC6-9401-6777F0DCC670}.Release|x64.Build.0 = Release|x64
	EndGlobalSection
	GlobalSection(SolutionProperties) = preSolution
		HideSolutionNode = FALSE
	EndGlobalSection
	GlobalSection(ExtensibilityGlobals) = postSolution
		SolutionGuid = {81B2B2FC-3A75-4CBD-A356-28824C2CBB52}
	EndGlobalSection
EndGlobal
